Microsoft Visual Studio Solution File, Format Version 12.00
# Visual Studio Version 17
VisualStudioVersion = 17.5.2.0
MinimumVisualStudioVersion = 10.0.40219.1
Project("{FAE04EC0-301F-11D3-BF4B-00C04F79EFBC}") = "SupermarketIMS", "SupermarketIMS.csproj", "{AF769CB0-9ED3-F049-4C94-02FAF8762FD6}"
EndProject
Global
	GlobalSection(SolutionConfigurationPlatforms) = preSolution
		Debug|Any CPU = Debug|Any CPU
		Release|Any CPU = Release|Any CPU
	EndGlobalSection
	GlobalSection(ProjectConfigurationPlatforms) = postSolution
		{AF769CB0-9ED3-F049-4C94-02FAF8762FD6}.Debug|Any CPU.ActiveCfg = Debug|Any CPU
		{AF769CB0-9ED3-F049-4C94-02FAF8762FD6}.Debug|Any CPU.Build.0 = Debug|Any CPU
		{AF769CB0-9ED3-F049-4C94-02FAF8762FD6}.Release|Any CPU.ActiveCfg = Release|Any CPU
		{AF769CB0-9ED3-F049-4C94-02FAF8762FD6}.Release|Any CPU.Build.0 = Release|Any CPU
	EndGlobalSection
	GlobalSection(SolutionProperties) = preSolution
		HideSolutionNode = FALSE
	EndGlobalSection
	GlobalSection(ExtensibilityGlobals) = postSolution
		SolutionGuid = {7D9135BF-3546-4F9B-952D-2B7760C01FED}
	EndGlobalSection
EndGlobal
